// !$*UTF8*$!
{
	archiveVersion = 1;
	classes = {
	};
	objectVersion = 46;
	objects = {

/* Begin PBXBuildFile section */
		C2B411221A5AF3B00089B943 /* main.cpp in Sources */ = {isa = PBXBuildFile; fileRef = C2B411211A5AF3B00089B943 /* main.cpp */; };
		C2DBCF6F1A5B699C00283FBE /* IntegerArray.txt in CopyFiles */ = {isa = PBXBuildFile; fileRef = C2B411231A5AF3F50089B943 /* IntegerArray.txt */; };
/* End PBXBuildFile section */

/* Begin PBXCopyFilesBuildPhase section */
		C2B411151A5AF3200089B943 /* CopyFiles */ = {
			isa = PBXCopyFilesBuildPhase;
			buildActionMask = 12;
			dstPath = "";
			dstSubfolderSpec = 16;
			files = (
				C2DBCF6F1A5B699C00283FBE /* IntegerArray.txt in CopyFiles */,
			);
			runOnlyForDeploymentPostprocessing = 0;
		};
/* End PBXCopyFilesBuildPhase section */

/* Begin PBXFileReference section */
		C2B411171A5AF3200089B943 /* w1 */ = {isa = PBXFileReference; explicitFileType = "compiled.mach-o.executable"; includeInIndex = 0; path = w1; sourceTree = BUILT_PRODUCTS_DIR; };
		C2B411211A5AF3B00089B943 /* main.cpp */ = {isa = PBXFileReference; fileEncoding = 4; lastKnownFileType = sourcecode.cpp.cpp; path = main.cpp; sourceTree = "<group>"; };
		C2B411231A5AF3F50089B943 /* IntegerArray.txt */ = {isa = PBXFileReference; fileEncoding = 4; lastKnownFileType = text; name = IntegerArray.txt; path = "/Users/zhangyanhua/yanhua-algorithm-design-analysis/w1/IntegerArray.txt"; sourceTree = "<absolute>"; };
/* End PBXFileReference section */

/* Begin PBXFrameworksBuildPhase section */
		C2B411141A5AF3200089B943 /* Frameworks */ = {
			isa = PBXFrameworksBuildPhase;
			buildActionMask = 2147483647;
			files = (
			);
			runOnlyForDeploymentPostprocessing = 0;
		};
/* End PBXFrameworksBuildPhase section */

/* Begin PBXGroup section */
		C2B4110E1A5AF3200089B943 = {
			isa = PBXGroup;
			children = (
				C2B411211A5AF3B00089B943 /* main.cpp */,
				C2B411181A5AF3200089B943 /* Products */,
				C2B411231A5AF3F50089B943 /* IntegerArray.txt */,
			);
			sourceTree = "<group>";
		};
		C2B411181A5AF3200089B943 /* Products */ = {
			isa = PBXGroup;
			children = (
				C2B411171A5AF3200089B943 /* w1 */,
			);
			name = Products;
			sourceTree = "<group>";
		};
/* End PBXGroup section */

/* Begin PBXNativeTarget section */
		C2B411161A5AF3200089B943 /* w1 */ = {
			isa = PBXNativeTarget;
			buildConfigurationList = C2B4111E1A5AF3200089B943 /* Build configuration list for PBXNativeTarget "w1" */;
			buildPhases = (
				C2B411131A5AF3200089B943 /* Sources */,
				C2B411141A5AF3200089B943 /* Frameworks */,
				C2B411151A5AF3200089B943 /* CopyFiles */,
			);
			buildRules = (
			);
			dependencies = (
			);
			name = w1;
			productName = w1;
			productReference = C2B411171A5AF3200089B943 /* w1 */;
			productType = "com.apple.product-type.tool";
		};
/* End PBXNativeTarget section */

/* Begin PBXProject section */
		C2B4110F1A5AF3200089B943 /* Project object */ = {
			isa = PBXProject;
			attributes = {
				LastUpgradeCheck = 0610;
				ORGANIZATIONNAME = ZhangYanhua;
				TargetAttributes = {
					C2B411161A5AF3200089B943 = {
						CreatedOnToolsVersion = 6.1;
					};
				};
			};
			buildConfigurationList = C2B411121A5AF3200089B943 /* Build configuration list for PBXProject "w1" */;
			compatibilityVersion = "Xcode 3.2";
			developmentRegion = English;
			hasScannedForEncodings = 0;
			knownRegions = (
				en,
			);
			mainGroup = C2B4110E1A5AF3200089B943;
			productRefGroup = C2B411181A5AF3200089B943 /* Products */;
			projectDirPath = "";
			projectRoot = "";
			targets = (
				C2B411161A5AF3200089B943 /* w1 */,
			);
		};
/* End PBXProject section */

/* Begin PBXSourcesBuildPhase section */
		C2B411131A5AF3200089B943 /* Sources */ = {
			isa = PBXSourcesBuildPhase;
			buildActionMask = 2147483647;
			files = (
				C2B411221A5AF3B00089B943 /* main.cpp in Sources */,
			);
			runOnlyForDeploymentPostprocessing = 0;
		};
/* End PBXSourcesBuildPhase section */

/* Begin XCBuildConfiguration section */
		C2B4111C1A5AF3200089B943 /* Debug */ = {
			isa = XCBuildConfiguration;
			buildSettings = {
				ALWAYS_SEARCH_USER_PATHS = NO;
				CLANG_CXX_LANGUAGE_STANDARD = "gnu++0x";
				CLANG_CXX_LIBRARY = "libc++";
				CLANG_ENABLE_MODULES = YES;
				CLANG_ENABLE_OBJC_ARC = YES;
				CLANG_WARN_BOOL_CONVERSION = YES;
				CLANG_WARN_CONSTANT_CONVERSION = YES;
				CLANG_WARN_DIRECT_OBJC_ISA_USAGE = YES_ERROR;
				CLANG_WARN_EMPTY_BODY = YES;
				CLANG_WARN_ENUM_CONVERSION = YES;
				CLANG_WARN_INT_CONVERSION = YES;
				CLANG_WARN_OBJC_ROOT_CLASS = YES_ERROR;
				CLANG_WARN_UNREACHABLE_CODE = YES;
				CLANG_WARN__DUPLICATE_METHOD_MATCH = YES;
				COPY_PHASE_STRIP = NO;
				ENABLE_STRICT_OBJC_MSGSEND = YES;
				GCC_C_LANGUAGE_STANDARD = gnu99;
				GCC_DYNAMIC_NO_PIC = NO;
				GCC_OPTIMIZATION_LEVEL = 0;
				GCC_PREPROCESSOR_DEFINITIONS = (
					"DEBUG=1",
					"$(inherited)",
				);
				GCC_SYMBOLS_PRIVATE_EXTERN = NO;
				GCC_WARN_64_TO_32_BIT_CONVERSION = YES;
				GCC_WARN_ABOUT_RETURN_TYPE = YES_ERROR;
				GCC_WARN_UNDECLARED_SELECTOR = YES;
				GCC_WARN_UNINITIALIZED_AUTOS = YES_AGGRESSIVE;
				GCC_WARN_UNUSED_FUNCTION = YES;
				GCC_WARN_UNUSED_VARIABLE = YES;
				MACOSX_DEPLOYMENT_TARGET = 10.10;
				MTL_ENABLE_DEBUG_INFO = YES;
				ONLY_ACTIVE_ARCH = YES;
				SDKROOT = macosx;
			};
			name = Debug;
		};
		C2B4111D1A5AF3200089B943 /* Release */ = {
			isa = XCBuildConfiguration;
			buildSettings = {
				ALWAYS_SEARCH_USER_PATHS = NO;
				CLANG_CXX_LANGUAGE_STANDARD = "gnu++0x";
				CLANG_CXX_LIBRARY = "libc++";
				CLANG_ENABLE_MODULES = YES;
				CLANG_ENABLE_OBJC_ARC = YES;
				CLANG_WARN_BOOL_CONVERSION = YES;
				CLANG_WARN_CONSTANT_CONVERSION = YES;
				CLANG_WARN_DIRECT_OBJC_ISA_USAGE = YES_ERROR;
				CLANG_WARN_EMPTY_BODY = YES;
				CLANG_WARN_ENUM_CONVERSION = YES;
				CLANG_WARN_INT_CONVERSION = YES;
				CLANG_WARN_OBJC_ROOT_CLASS = YES_ERROR;
				CLANG_WARN_UNREACHABLE_CODE = YES;
				CLANG_WARN__DUPLICATE_METHOD_MATCH = YES;
				COPY_PHASE_STRIP = YES;
				DEBUG_INFORMATION_FORMAT = "dwarf-with-dsym";
				ENABLE_NS_ASSERTIONS = NO;
				ENABLE_STRICT_OBJC_MSGSEND = YES;
				GCC_C_LANGUAGE_STANDARD = gnu99;
				GCC_WARN_64_TO_32_BIT_CONVERSION = YES;
				GCC_WARN_ABOUT_RETURN_TYPE = YES_ERROR;
				GCC_WARN_UNDECLARED_SELECTOR = YES;
				GCC_WARN_UNINITIALIZED_AUTOS = YES_AGGRESSIVE;
				GCC_WARN_UNUSED_FUNCTION = YES;
				GCC_WARN_UNUSED_VARIABLE = YES;
				MACOSX_DEPLOYMENT_TARGET = 10.10;
				MTL_ENABLE_DEBUG_INFO = NO;
				SDKROOT = macosx;
			};
			name = Release;
		};
		C2B4111F1A5AF3200089B943 /* Debug */ = {
			isa = XCBuildConfiguration;
			buildSettings = {
				PRODUCT_NAME = "$(TARGET_NAME)";
			};
			name = Debug;
		};
		C2B411201A5AF3200089B943 /* Release */ = {
			isa = XCBuildConfiguration;
			buildSettings = {
				PRODUCT_NAME = "$(TARGET_NAME)";
			};
			name = Release;
		};
/* End XCBuildConfiguration section */

/* Begin XCConfigurationList section */
		C2B411121A5AF3200089B943 /* Build configuration list for PBXProject "w1" */ = {
			isa = XCConfigurationList;
			buildConfigurations = (
				C2B4111C1A5AF3200089B943 /* Debug */,
				C2B4111D1A5AF3200089B943 /* Release */,
			);
			defaultConfigurationIsVisible = 0;
			defaultConfigurationName = Release;
		};
		C2B4111E1A5AF3200089B943 /* Build configuration list for PBXNativeTarget "w1" */ = {
			isa = XCConfigurationList;
			buildConfigurations = (
				C2B4111F1A5AF3200089B943 /* Debug */,
				C2B411201A5AF3200089B943 /* Release */,
			);
			defaultConfigurationIsVisible = 0;
			defaultConfigurationName = Release;
		};
/* End XCConfigurationList section */
	};
	rootObject = C2B4110F1A5AF3200089B943 /* Project object */;
}
